<?xml version="1.0" encoding="utf-8"?>
<Project ToolsVersion="Current" xmlns="http://schemas.microsoft.com/developer/msbuild/2003">
  <ItemGroup>
    <ClCompile Include="Shaked_Walker.cpp" />
    <ClCompile Include="System\BaseShader.cpp">
      <Filter>Sources</Filter>
    </ClCompile>
    <ClCompile Include="System\Camera.cpp">
      <Filter>Sources</Filter>
    </ClCompile>
    <ClCompile Include="System\ControlAlgorithm.cpp">
      <Filter>Sources</Filter>
    </ClCompile>
    <ClCompile Include="System\dHighResolutionTimer.cpp">
      <Filter>Sources</Filter>
    </ClCompile>
    <ClCompile Include="System\GeomGL.cpp">
      <Filter>Sources</Filter>
    </ClCompile>
    <ClCompile Include="System\Humanoid.cpp">
      <Filter>Sources</Filter>
    </ClCompile>
    <ClCompile Include="System\Muscle.cpp">
      <Filter>Sources</Filter>
    </ClCompile>
    <ClCompile Include="System\NewtonManager.cpp">
      <Filter>Sources</Filter>
    </ClCompile>
    <ClCompile Include="System\NewtonUtil.cpp">
      <Filter>Sources</Filter>
    </ClCompile>
    <ClCompile Include="System\pch.cpp">
      <Filter>Sources</Filter>
    </ClCompile>
    <ClCompile Include="System\shader.cpp">
      <Filter>Sources</Filter>
    </ClCompile>
    <ClCompile Include="System\texture.cpp">
      <Filter>Sources</Filter>
    </ClCompile>
    <ClCompile Include="System\tinystr.cpp">
      <Filter>Sources</Filter>
    </ClCompile>
    <ClCompile Include="System\tinyxml.cpp">
      <Filter>Sources</Filter>
    </ClCompile>
    <ClCompile Include="System\tinyxmlerror.cpp">
      <Filter>Sources</Filter>
    </ClCompile>
    <ClCompile Include="System\tinyxmlparser.cpp">
      <Filter>Sources</Filter>
    </ClCompile>
    <ClCompile Include="System\WindowGL.cpp">
      <Filter>Sources</Filter>
    </ClCompile>
  </ItemGroup>
  <ItemGroup>
    <ClInclude Include="System\BaseShader.h">
      <Filter>Headers</Filter>
    </ClInclude>
    <ClInclude Include="System\Camera.h">
      <Filter>Headers</Filter>
    </ClInclude>
    <ClInclude Include="System\cmaes.h">
      <Filter>Headers</Filter>
    </ClInclude>
    <ClInclude Include="System\ControlAlgorithm.h">
      <Filter>Headers</Filter>
    </ClInclude>
    <ClInclude Include="System\dHighResolutionTimer.h">
      <Filter>Headers</Filter>
    </ClInclude>
    <ClInclude Include="System\GeomGL.h">
      <Filter>Headers</Filter>
    </ClInclude>
    <ClInclude Include="System\Humanoid.h">
      <Filter>Headers</Filter>
    </ClInclude>
    <ClInclude Include="System\Muscle.h">
      <Filter>Headers</Filter>
    </ClInclude>
    <ClInclude Include="System\NewtonManager.h">
      <Filter>Headers</Filter>
    </ClInclude>
    <ClInclude Include="System\NewtonUtil.h">
      <Filter>Headers</Filter>
    </ClInclude>
    <ClInclude Include="System\parameters.h">
      <Filter>Headers</Filter>
    </ClInclude>
    <ClInclude Include="System\Params.h">
      <Filter>Headers</Filter>
    </ClInclude>
    <ClInclude Include="System\pch.h">
      <Filter>Headers</Filter>
    </ClInclude>
    <ClInclude Include="System\random.h">
      <Filter>Headers</Filter>
    </ClInclude>
    <ClInclude Include="System\shader.h">
      <Filter>Headers</Filter>
    </ClInclude>
    <ClInclude Include="System\texture.h">
      <Filter>Headers</Filter>
    </ClInclude>
    <ClInclude Include="System\timings.h">
      <Filter>Headers</Filter>
    </ClInclude>
    <ClInclude Include="System\tinystr.h">
      <Filter>Headers</Filter>
    </ClInclude>
    <ClInclude Include="System\tinyxml.h">
      <Filter>Headers</Filter>
    </ClInclude>
    <ClInclude Include="System\utils.h">
      <Filter>Headers</Filter>
    </ClInclude>
    <ClInclude Include="System\VertexGL.h">
      <Filter>Headers</Filter>
    </ClInclude>
    <ClInclude Include="System\WindowGL.h">
      <Filter>Headers</Filter>
    </ClInclude>
    <ClInclude Include="resource.h" />
  </ItemGroup>
  <ItemGroup>
    <ResourceCompile Include="Shaked_Walker.rc" />
  </ItemGroup>
  <ItemGroup>
    <Xml Include="Configuration.xml">
      <Filter>XML files</Filter>
    </Xml>
    <Xml Include="DummyGeometricProperties.xml">
      <Filter>XML files</Filter>
    </Xml>
    <Xml Include="OptimizationParameters.xml">
      <Filter>XML files</Filter>
    </Xml>
  </ItemGroup>
  <ItemGroup>
    <Image Include="icon1.ico" />
  </ItemGroup>
  <ItemGroup>
    <None Include="Shaders\MainShader.frag" />
    <None Include="Shaders\MainShader.vert" />
  </ItemGroup>
  <ItemGroup>
    <Filter Include="Headers">
      <UniqueIdentifier>{0a740965-7bba-47dc-90ea-79426434365c}</UniqueIdentifier>
    </Filter>
    <Filter Include="Sources">
      <UniqueIdentifier>{fbd2b933-5fcb-4df7-9361-997221a72fb1}</UniqueIdentifier>
    </Filter>
    <Filter Include="XML files">
      <UniqueIdentifier>{f3250470-4aaf-47b5-95d1-846007d68b82}</UniqueIdentifier>
    </Filter>
  </ItemGroup>
</Project>